// !$*UTF8*$!
{
	archiveVersion = 1;
	classes = {
	};
	objectVersion = 50;
	objects = {

/* Begin PBXBuildFile section */
		1113D6E4272CFBCE00F50308 /* AppDelegate.swift in Sources */ = {isa = PBXBuildFile; fileRef = 1113D6E3272CFBCE00F50308 /* AppDelegate.swift */; };
		1113D6E6272CFBCE00F50308 /* SceneDelegate.swift in Sources */ = {isa = PBXBuildFile; fileRef = 1113D6E5272CFBCE00F50308 /* SceneDelegate.swift */; };
		1113D6E8272CFBCE00F50308 /* ProfilePageVC.swift in Sources */ = {isa = PBXBuildFile; fileRef = 1113D6E7272CFBCE00F50308 /* ProfilePageVC.swift */; };
		1113D6EB272CFBCE00F50308 /* Main.storyboard in Resources */ = {isa = PBXBuildFile; fileRef = 1113D6E9272CFBCE00F50308 /* Main.storyboard */; };
		1113D6ED272CFBD300F50308 /* Assets.xcassets in Resources */ = {isa = PBXBuildFile; fileRef = 1113D6EC272CFBD300F50308 /* Assets.xcassets */; };
		1113D6F0272CFBD300F50308 /* LaunchScreen.storyboard in Resources */ = {isa = PBXBuildFile; fileRef = 1113D6EE272CFBD300F50308 /* LaunchScreen.storyboard */; };
		1113D6FA272E558400F50308 /* DataPageVC.swift in Sources */ = {isa = PBXBuildFile; fileRef = 1113D6F9272E558400F50308 /* DataPageVC.swift */; };
		1113D6FF272E5D1F00F50308 /* Profile.swift in Sources */ = {isa = PBXBuildFile; fileRef = 1113D6FE272E5D1F00F50308 /* Profile.swift */; };
		1113D703272E71F100F50308 /* DisplayPageVC.swift in Sources */ = {isa = PBXBuildFile; fileRef = 1113D702272E71F100F50308 /* DisplayPageVC.swift */; };
/* End PBXBuildFile section */

/* Begin PBXFileReference section */
		1113D6E0272CFBCE00F50308 /* ProtocolDelegateDemo.app */ = {isa = PBXFileReference; explicitFileType = wrapper.application; includeInIndex = 0; path = ProtocolDelegateDemo.app; sourceTree = BUILT_PRODUCTS_DIR; };
		1113D6E3272CFBCE00F50308 /* AppDelegate.swift */ = {isa = PBXFileReference; lastKnownFileType = sourcecode.swift; path = AppDelegate.swift; sourceTree = "<group>"; };
		1113D6E5272CFBCE00F50308 /* SceneDelegate.swift */ = {isa = PBXFileReference; lastKnownFileType = sourcecode.swift; path = SceneDelegate.swift; sourceTree = "<group>"; };
		1113D6E7272CFBCE00F50308 /* ProfilePageVC.swift */ = {isa = PBXFileReference; lastKnownFileType = sourcecode.swift; path = ProfilePageVC.swift; sourceTree = "<group>"; };
		1113D6EA272CFBCE00F50308 /* Base */ = {isa = PBXFileReference; lastKnownFileType = file.storyboard; name = Base; path = Base.lproj/Main.storyboard; sourceTree = "<group>"; };
		1113D6EC272CFBD300F50308 /* Assets.xcassets */ = {isa = PBXFileReference; lastKnownFileType = folder.assetcatalog; path = Assets.xcassets; sourceTree = "<group>"; };
		1113D6EF272CFBD300F50308 /* Base */ = {isa = PBXFileReference; lastKnownFileType = file.storyboard; name = Base; path = Base.lproj/LaunchScreen.storyboard; sourceTree = "<group>"; };
		1113D6F1272CFBD300F50308 /* Info.plist */ = {isa = PBXFileReference; lastKnownFileType = text.plist.xml; path = Info.plist; sourceTree = "<group>"; };
		1113D6F9272E558400F50308 /* DataPageVC.swift */ = {isa = PBXFileReference; lastKnownFileType = sourcecode.swift; path = DataPageVC.swift; sourceTree = "<group>"; };
		1113D6FE272E5D1F00F50308 /* Profile.swift */ = {isa = PBXFileReference; lastKnownFileType = sourcecode.swift; path = Profile.swift; sourceTree = "<group>"; };
		1113D702272E71F100F50308 /* DisplayPageVC.swift */ = {isa = PBXFileReference; lastKnownFileType = sourcecode.swift; path = DisplayPageVC.swift; sourceTree = "<group>"; };
/* End PBXFileReference section */

/* Begin PBXFrameworksBuildPhase section */
		1113D6DD272CFBCE00F50308 /* Frameworks */ = {
			isa = PBXFrameworksBuildPhase;
			buildActionMask = 2147483647;
			files = (
			);
			runOnlyForDeploymentPostprocessing = 0;
		};
/* End PBXFrameworksBuildPhase section */

/* Begin PBXGroup section */
		1113D6D7272CFBCE00F50308 = {
			isa = PBXGroup;
			children = (
				1113D6E2272CFBCE00F50308 /* ProtocolDelegateDemo */,
				1113D6E1272CFBCE00F50308 /* Products */,
			);
			sourceTree = "<group>";
		};
		1113D6E1272CFBCE00F50308 /* Products */ = {
			isa = PBXGroup;
			children = (
				1113D6E0272CFBCE00F50308 /* ProtocolDelegateDemo.app */,
			);
			name = Products;
			sourceTree = "<group>";
		};
		1113D6E2272CFBCE00F50308 /* ProtocolDelegateDemo */ = {
			isa = PBXGroup;
			children = (
				1113D6FD272E5CEC00F50308 /* Controllers */,
				1113D6FC272E5CDB00F50308 /* Model */,
				1113D6E3272CFBCE00F50308 /* AppDelegate.swift */,
				1113D6E5272CFBCE00F50308 /* SceneDelegate.swift */,
				1113D6E9272CFBCE00F50308 /* Main.storyboard */,
				1113D6EC272CFBD300F50308 /* Assets.xcassets */,
				1113D6EE272CFBD300F50308 /* LaunchScreen.storyboard */,
				1113D6F1272CFBD300F50308 /* Info.plist */,
			);
			path = ProtocolDelegateDemo;
			sourceTree = "<group>";
		};
		1113D6FC272E5CDB00F50308 /* Model */ = {
			isa = PBXGroup;
			children = (
				1113D6FE272E5D1F00F50308 /* Profile.swift */,
			);
			path = Model;
			sourceTree = "<group>";
		};
		1113D6FD272E5CEC00F50308 /* Controllers */ = {
			isa = PBXGroup;
			children = (
				1113D6E7272CFBCE00F50308 /* ProfilePageVC.swift */,
				1113D6F9272E558400F50308 /* DataPageVC.swift */,
				1113D702272E71F100F50308 /* DisplayPageVC.swift */,
			);
			path = Controllers;
			sourceTree = "<group>";
		};
/* End PBXGroup section */

/* Begin PBXNativeTarget section */
		1113D6DF272CFBCE00F50308 /* ProtocolDelegateDemo */ = {
			isa = PBXNativeTarget;
			buildConfigurationList = 1113D6F4272CFBD300F50308 /* Build configuration list for PBXNativeTarget "ProtocolDelegateDemo" */;
			buildPhases = (
				1113D6DC272CFBCE00F50308 /* Sources */,
				1113D6DD272CFBCE00F50308 /* Frameworks */,
				1113D6DE272CFBCE00F50308 /* Resources */,
			);
			buildRules = (
			);
			dependencies = (
			);
			name = ProtocolDelegateDemo;
			productName = ProtocolDelegateDemo;
			productReference = 1113D6E0272CFBCE00F50308 /* ProtocolDelegateDemo.app */;
			productType = "com.apple.product-type.application";
		};
/* End PBXNativeTarget section */

/* Begin PBXProject section */
		1113D6D8272CFBCE00F50308 /* Project object */ = {
			isa = PBXProject;
			attributes = {
				LastSwiftUpdateCheck = 1240;
				LastUpgradeCheck = 1240;
				TargetAttributes = {
					1113D6DF272CFBCE00F50308 = {
						CreatedOnToolsVersion = 12.4;
					};
				};
			};
			buildConfigurationList = 1113D6DB272CFBCE00F50308 /* Build configuration list for PBXProject "ProtocolDelegateDemo" */;
			compatibilityVersion = "Xcode 9.3";
			developmentRegion = en;
			hasScannedForEncodings = 0;
			knownRegions = (
				en,
				Base,
			);
			mainGroup = 1113D6D7272CFBCE00F50308;
			productRefGroup = 1113D6E1272CFBCE00F50308 /* Products */;
			projectDirPath = "";
			projectRoot = "";
			targets = (
				1113D6DF272CFBCE00F50308 /* ProtocolDelegateDemo */,
			);
		};
/* End PBXProject section */

/* Begin PBXResourcesBuildPhase section */
		1113D6DE272CFBCE00F50308 /* Resources */ = {
			isa = PBXResourcesBuildPhase;
			buildActionMask = 2147483647;
			files = (
				1113D6F0272CFBD300F50308 /* LaunchScreen.storyboard in Resources */,
				1113D6ED272CFBD300F50308 /* Assets.xcassets in Resources */,
				1113D6EB272CFBCE00F50308 /* Main.storyboard in Resources */,
			);
			runOnlyForDeploymentPostprocessing = 0;
		};
/* End PBXResourcesBuildPhase section */

/* Begin PBXSourcesBuildPhase section */
		1113D6DC272CFBCE00F50308 /* Sources */ = {
			isa = PBXSourcesBuildPhase;
			buildActionMask = 2147483647;
			files = (
				1113D703272E71F100F50308 /* DisplayPageVC.swift in Sources */,
				1113D6E8272CFBCE00F50308 /* ProfilePageVC.swift in Sources */,
				1113D6FF272E5D1F00F50308 /* Profile.swift in Sources */,
				1113D6E4272CFBCE00F50308 /* AppDelegate.swift in Sources */,
				1113D6E6272CFBCE00F50308 /* SceneDelegate.swift in Sources */,
				1113D6FA272E558400F50308 /* DataPageVC.swift in Sources */,
			);
			runOnlyForDeploymentPostprocessing = 0;
		};
/* End PBXSourcesBuildPhase section */

/* Begin PBXVariantGroup section */
		1113D6E9272CFBCE00F50308 /* Main.storyboard */ = {
			isa = PBXVariantGroup;
			children = (
				1113D6EA272CFBCE00F50308 /* Base */,
			);
			name = Main.storyboard;
			sourceTree = "<group>";
		};
		1113D6EE272CFBD300F50308 /* LaunchScreen.storyboard */ = {
			isa = PBXVariantGroup;
			children = (
				1113D6EF272CFBD300F50308 /* Base */,
			);
			name = LaunchScreen.storyboard;
			sourceTree = "<group>";
		};
/* End PBXVariantGroup section */

/* Begin XCBuildConfiguration section */
		1113D6F2272CFBD300F50308 /* Debug */ = {
			isa = XCBuildConfiguration;
			buildSettings = {
				ALWAYS_SEARCH_USER_PATHS = NO;
				CLANG_ANALYZER_NONNULL = YES;
				CLANG_ANALYZER_NUMBER_OBJECT_CONVERSION = YES_AGGRESSIVE;
				CLANG_CXX_LANGUAGE_STANDARD = "gnu++14";
				CLANG_CXX_LIBRARY = "libc++";
				CLANG_ENABLE_MODULES = YES;
				CLANG_ENABLE_OBJC_ARC = YES;
				CLANG_ENABLE_OBJC_WEAK = YES;
				CLANG_WARN_BLOCK_CAPTURE_AUTORELEASING = YES;
				CLANG_WARN_BOOL_CONVERSION = YES;
				CLANG_WARN_COMMA = YES;
				CLANG_WARN_CONSTANT_CONVERSION = YES;
				CLANG_WARN_DEPRECATED_OBJC_IMPLEMENTATIONS = YES;
				CLANG_WARN_DIRECT_OBJC_ISA_USAGE = YES_ERROR;
				CLANG_WARN_DOCUMENTATION_COMMENTS = YES;
				CLANG_WARN_EMPTY_BODY = YES;
				CLANG_WARN_ENUM_CONVERSION = YES;
				CLANG_WARN_INFINITE_RECURSION = YES;
				CLANG_WARN_INT_CONVERSION = YES;
				CLANG_WARN_NON_LITERAL_NULL_CONVERSION = YES;
				CLANG_WARN_OBJC_IMPLICIT_RETAIN_SELF = YES;
				CLANG_WARN_OBJC_LITERAL_CONVERSION = YES;
				CLANG_WARN_OBJC_ROOT_CLASS = YES_ERROR;
				CLANG_WARN_QUOTED_INCLUDE_IN_FRAMEWORK_HEADER = YES;
				CLANG_WARN_RANGE_LOOP_ANALYSIS = YES;
				CLANG_WARN_STRICT_PROTOTYPES = YES;
				CLANG_WARN_SUSPICIOUS_MOVE = YES;
				CLANG_WARN_UNGUARDED_AVAILABILITY = YES_AGGRESSIVE;
				CLANG_WARN_UNREACHABLE_CODE = YES;
				CLANG_WARN__DUPLICATE_METHOD_MATCH = YES;
				COPY_PHASE_STRIP = NO;
				DEBUG_INFORMATION_FORMAT = dwarf;
				ENABLE_STRICT_OBJC_MSGSEND = YES;
				ENABLE_TESTABILITY = YES;
				GCC_C_LANGUAGE_STANDARD = gnu11;
				GCC_DYNAMIC_NO_PIC = NO;
				GCC_NO_COMMON_BLOCKS = YES;
				GCC_OPTIMIZATION_LEVEL = 0;
				GCC_PREPROCESSOR_DEFINITIONS = (
					"DEBUG=1",
					"$(inherited)",
				);
				GCC_WARN_64_TO_32_BIT_CONVERSION = YES;
				GCC_WARN_ABOUT_RETURN_TYPE = YES_ERROR;
				GCC_WARN_UNDECLARED_SELECTOR = YES;
				GCC_WARN_UNINITIALIZED_AUTOS = YES_AGGRESSIVE;
				GCC_WARN_UNUSED_FUNCTION = YES;
				GCC_WARN_UNUSED_VARIABLE = YES;
				IPHONEOS_DEPLOYMENT_TARGET = 14.4;
				MTL_ENABLE_DEBUG_INFO = INCLUDE_SOURCE;
				MTL_FAST_MATH = YES;
				ONLY_ACTIVE_ARCH = YES;
				SDKROOT = iphoneos;
				SWIFT_ACTIVE_COMPILATION_CONDITIONS = DEBUG;
				SWIFT_OPTIMIZATION_LEVEL = "-Onone";
			};
			name = Debug;
		};
		1113D6F3272CFBD300F50308 /* Release */ = {
			isa = XCBuildConfiguration;
			buildSettings = {
				ALWAYS_SEARCH_USER_PATHS = NO;
				CLANG_ANALYZER_NONNULL = YES;
				CLANG_ANALYZER_NUMBER_OBJECT_CONVERSION = YES_AGGRESSIVE;
				CLANG_CXX_LANGUAGE_STANDARD = "gnu++14";
				CLANG_CXX_LIBRARY = "libc++";
				CLANG_ENABLE_MODULES = YES;
				CLANG_ENABLE_OBJC_ARC = YES;
				CLANG_ENABLE_OBJC_WEAK = YES;
				CLANG_WARN_BLOCK_CAPTURE_AUTORELEASING = YES;
				CLANG_WARN_BOOL_CONVERSION = YES;
				CLANG_WARN_COMMA = YES;
				CLANG_WARN_CONSTANT_CONVERSION = YES;
				CLANG_WARN_DEPRECATED_OBJC_IMPLEMENTATIONS = YES;
				CLANG_WARN_DIRECT_OBJC_ISA_USAGE = YES_ERROR;
				CLANG_WARN_DOCUMENTATION_COMMENTS = YES;
				CLANG_WARN_EMPTY_BODY = YES;
				CLANG_WARN_ENUM_CONVERSION = YES;
				CLANG_WARN_INFINITE_RECURSION = YES;
				CLANG_WARN_INT_CONVERSION = YES;
				CLANG_WARN_NON_LITERAL_NULL_CONVERSION = YES;
				CLANG_WARN_OBJC_IMPLICIT_RETAIN_SELF = YES;
				CLANG_WARN_OBJC_LITERAL_CONVERSION = YES;
				CLANG_WARN_OBJC_ROOT_CLASS = YES_ERROR;
				CLANG_WARN_QUOTED_INCLUDE_IN_FRAMEWORK_HEADER = YES;
				CLANG_WARN_RANGE_LOOP_ANALYSIS = YES;
				CLANG_WARN_STRICT_PROTOTYPES = YES;
				CLANG_WARN_SUSPICIOUS_MOVE = YES;
				CLANG_WARN_UNGUARDED_AVAILABILITY = YES_AGGRESSIVE;
				CLANG_WARN_UNREACHABLE_CODE = YES;
				CLANG_WARN__DUPLICATE_METHOD_MATCH = YES;
				COPY_PHASE_STRIP = NO;
				DEBUG_INFORMATION_FORMAT = "dwarf-with-dsym";
				ENABLE_NS_ASSERTIONS = NO;
				ENABLE_STRICT_OBJC_MSGSEND = YES;
				GCC_C_LANGUAGE_STANDARD = gnu11;
				GCC_NO_COMMON_BLOCKS = YES;
				GCC_WARN_64_TO_32_BIT_CONVERSION = YES;
				GCC_WARN_ABOUT_RETURN_TYPE = YES_ERROR;
				GCC_WARN_UNDECLARED_SELECTOR = YES;
				GCC_WARN_UNINITIALIZED_AUTOS = YES_AGGRESSIVE;
				GCC_WARN_UNUSED_FUNCTION = YES;
				GCC_WARN_UNUSED_VARIABLE = YES;
				IPHONEOS_DEPLOYMENT_TARGET = 14.4;
				MTL_ENABLE_DEBUG_INFO = NO;
				MTL_FAST_MATH = YES;
				SDKROOT = iphoneos;
				SWIFT_COMPILATION_MODE = wholemodule;
				SWIFT_OPTIMIZATION_LEVEL = "-O";
				VALIDATE_PRODUCT = YES;
			};
			name = Release;
		};
		1113D6F5272CFBD300F50308 /* Debug */ = {
			isa = XCBuildConfiguration;
			buildSettings = {
				ASSETCATALOG_COMPILER_APPICON_NAME = AppIcon;
				ASSETCATALOG_COMPILER_GLOBAL_ACCENT_COLOR_NAME = AccentColor;
				CODE_SIGN_STYLE = Automatic;
				INFOPLIST_FILE = ProtocolDelegateDemo/Info.plist;
				LD_RUNPATH_SEARCH_PATHS = (
					"$(inherited)",
					"@executable_path/Frameworks",
				);
				PRODUCT_BUNDLE_IDENTIFIER = com.assignment.ProtocolDelegateDemo;
				PRODUCT_NAME = "$(TARGET_NAME)";
				SWIFT_VERSION = 5.0;
				TARGETED_DEVICE_FAMILY = "1,2";
			};
			name = Debug;
		};
		1113D6F6272CFBD300F50308 /* Release */ = {
			isa = XCBuildConfiguration;
			buildSettings = {
				ASSETCATALOG_COMPILER_APPICON_NAME = AppIcon;
				ASSETCATALOG_COMPILER_GLOBAL_ACCENT_COLOR_NAME = AccentColor;
				CODE_SIGN_STYLE = Automatic;
				INFOPLIST_FILE = ProtocolDelegateDemo/Info.plist;
				LD_RUNPATH_SEARCH_PATHS = (
					"$(inherited)",
					"@executable_path/Frameworks",
				);
				PRODUCT_BUNDLE_IDENTIFIER = com.assignment.ProtocolDelegateDemo;
				PRODUCT_NAME = "$(TARGET_NAME)";
				SWIFT_VERSION = 5.0;
				TARGETED_DEVICE_FAMILY = "1,2";
			};
			name = Release;
		};
/* End XCBuildConfiguration section */

/* Begin XCConfigurationList section */
		1113D6DB272CFBCE00F50308 /* Build configuration list for PBXProject "ProtocolDelegateDemo" */ = {
			isa = XCConfigurationList;
			buildConfigurations = (
				1113D6F2272CFBD300F50308 /* Debug */,
				1113D6F3272CFBD300F50308 /* Release */,
			);
			defaultConfigurationIsVisible = 0;
			defaultConfigurationName = Release;
		};
		1113D6F4272CFBD300F50308 /* Build configuration list for PBXNativeTarget "ProtocolDelegateDemo" */ = {
			isa = XCConfigurationList;
			buildConfigurations = (
				1113D6F5272CFBD300F50308 /* Debug */,
				1113D6F6272CFBD300F50308 /* Release */,
			);
			defaultConfigurationIsVisible = 0;
			defaultConfigurationName = Release;
		};
/* End XCConfigurationList section */
	};
	rootObject = 1113D6D8272CFBCE00F50308 /* Project object */;
}
