// !$*UTF8*$!
{
	archiveVersion = 1;
	classes = {
	};
	objectVersion = 50;
	objects = {

/* Begin PBXBuildFile section */
		1102FFA5272442F2008014CA /* NetworkFile.swift in Sources */ = {isa = PBXBuildFile; fileRef = 1102FFA4272442F2008014CA /* NetworkFile.swift */; };
		1113D6D5272AB1C400F50308 /* CustomimageExtension.swift in Sources */ = {isa = PBXBuildFile; fileRef = 1113D6D4272AB1C400F50308 /* CustomimageExtension.swift */; };
		1116839827203D4400795CFF /* AppDelegate.swift in Sources */ = {isa = PBXBuildFile; fileRef = 1116839727203D4400795CFF /* AppDelegate.swift */; };
		1116839A27203D4400795CFF /* SceneDelegate.swift in Sources */ = {isa = PBXBuildFile; fileRef = 1116839927203D4400795CFF /* SceneDelegate.swift */; };
		1116839C27203D4400795CFF /* ViewController.swift in Sources */ = {isa = PBXBuildFile; fileRef = 1116839B27203D4400795CFF /* ViewController.swift */; };
		1116839F27203D4400795CFF /* Main.storyboard in Resources */ = {isa = PBXBuildFile; fileRef = 1116839D27203D4400795CFF /* Main.storyboard */; };
		111683A127203D4500795CFF /* Assets.xcassets in Resources */ = {isa = PBXBuildFile; fileRef = 111683A027203D4500795CFF /* Assets.xcassets */; };
		111683A427203D4500795CFF /* LaunchScreen.storyboard in Resources */ = {isa = PBXBuildFile; fileRef = 111683A227203D4500795CFF /* LaunchScreen.storyboard */; };
		111683B4272066D300795CFF /* CustomCell.swift in Sources */ = {isa = PBXBuildFile; fileRef = 111683B3272066D300795CFF /* CustomCell.swift */; };
		11B27EDB2721372E005062F4 /* SecondVC.swift in Sources */ = {isa = PBXBuildFile; fileRef = 11B27EDA2721372E005062F4 /* SecondVC.swift */; };
		11E0AA2E2727E8210036F760 /* Images.swift in Sources */ = {isa = PBXBuildFile; fileRef = 11E0AA2D2727E8210036F760 /* Images.swift */; };
/* End PBXBuildFile section */

/* Begin PBXFileReference section */
		1102FFA4272442F2008014CA /* NetworkFile.swift */ = {isa = PBXFileReference; lastKnownFileType = sourcecode.swift; path = NetworkFile.swift; sourceTree = "<group>"; };
		1113D6D4272AB1C400F50308 /* CustomimageExtension.swift */ = {isa = PBXFileReference; lastKnownFileType = sourcecode.swift; path = CustomimageExtension.swift; sourceTree = "<group>"; };
		1116839427203D4400795CFF /* iOSAssessment-12.app */ = {isa = PBXFileReference; explicitFileType = wrapper.application; includeInIndex = 0; path = "iOSAssessment-12.app"; sourceTree = BUILT_PRODUCTS_DIR; };
		1116839727203D4400795CFF /* AppDelegate.swift */ = {isa = PBXFileReference; lastKnownFileType = sourcecode.swift; path = AppDelegate.swift; sourceTree = "<group>"; };
		1116839927203D4400795CFF /* SceneDelegate.swift */ = {isa = PBXFileReference; lastKnownFileType = sourcecode.swift; path = SceneDelegate.swift; sourceTree = "<group>"; };
		1116839B27203D4400795CFF /* ViewController.swift */ = {isa = PBXFileReference; lastKnownFileType = sourcecode.swift; path = ViewController.swift; sourceTree = "<group>"; };
		1116839E27203D4400795CFF /* Base */ = {isa = PBXFileReference; lastKnownFileType = file.storyboard; name = Base; path = Base.lproj/Main.storyboard; sourceTree = "<group>"; };
		111683A027203D4500795CFF /* Assets.xcassets */ = {isa = PBXFileReference; lastKnownFileType = folder.assetcatalog; path = Assets.xcassets; sourceTree = "<group>"; };
		111683A327203D4500795CFF /* Base */ = {isa = PBXFileReference; lastKnownFileType = file.storyboard; name = Base; path = Base.lproj/LaunchScreen.storyboard; sourceTree = "<group>"; };
		111683A527203D4500795CFF /* Info.plist */ = {isa = PBXFileReference; lastKnownFileType = text.plist.xml; path = Info.plist; sourceTree = "<group>"; };
		111683B3272066D300795CFF /* CustomCell.swift */ = {isa = PBXFileReference; lastKnownFileType = sourcecode.swift; path = CustomCell.swift; sourceTree = "<group>"; };
		11B27EDA2721372E005062F4 /* SecondVC.swift */ = {isa = PBXFileReference; lastKnownFileType = sourcecode.swift; path = SecondVC.swift; sourceTree = "<group>"; };
		11E0AA2D2727E8210036F760 /* Images.swift */ = {isa = PBXFileReference; lastKnownFileType = sourcecode.swift; path = Images.swift; sourceTree = "<group>"; };
/* End PBXFileReference section */

/* Begin PBXFrameworksBuildPhase section */
		1116839127203D4400795CFF /* Frameworks */ = {
			isa = PBXFrameworksBuildPhase;
			buildActionMask = 2147483647;
			files = (
			);
			runOnlyForDeploymentPostprocessing = 0;
		};
/* End PBXFrameworksBuildPhase section */

/* Begin PBXGroup section */
		1116838B27203D4400795CFF = {
			isa = PBXGroup;
			children = (
				1116839627203D4400795CFF /* iOSAssessment-12 */,
				1116839527203D4400795CFF /* Products */,
			);
			sourceTree = "<group>";
		};
		1116839527203D4400795CFF /* Products */ = {
			isa = PBXGroup;
			children = (
				1116839427203D4400795CFF /* iOSAssessment-12.app */,
			);
			name = Products;
			sourceTree = "<group>";
		};
		1116839627203D4400795CFF /* iOSAssessment-12 */ = {
			isa = PBXGroup;
			children = (
				11AA7C442738F52000C7D576 /* Extensions */,
				11E0AA312727E8400036F760 /* Controllers */,
				11E0AA2C2727E7FE0036F760 /* Model */,
				1116839727203D4400795CFF /* AppDelegate.swift */,
				1116839927203D4400795CFF /* SceneDelegate.swift */,
				1116839D27203D4400795CFF /* Main.storyboard */,
				111683B3272066D300795CFF /* CustomCell.swift */,
				1102FFA4272442F2008014CA /* NetworkFile.swift */,
				111683A027203D4500795CFF /* Assets.xcassets */,
				111683A227203D4500795CFF /* LaunchScreen.storyboard */,
				111683A527203D4500795CFF /* Info.plist */,
			);
			path = "iOSAssessment-12";
			sourceTree = "<group>";
		};
		11AA7C442738F52000C7D576 /* Extensions */ = {
			isa = PBXGroup;
			children = (
				1113D6D4272AB1C400F50308 /* CustomimageExtension.swift */,
			);
			path = Extensions;
			sourceTree = "<group>";
		};
		11E0AA2C2727E7FE0036F760 /* Model */ = {
			isa = PBXGroup;
			children = (
				11E0AA2D2727E8210036F760 /* Images.swift */,
			);
			path = Model;
			sourceTree = "<group>";
		};
		11E0AA312727E8400036F760 /* Controllers */ = {
			isa = PBXGroup;
			children = (
				1116839B27203D4400795CFF /* ViewController.swift */,
				11B27EDA2721372E005062F4 /* SecondVC.swift */,
			);
			path = Controllers;
			sourceTree = "<group>";
		};
/* End PBXGroup section */

/* Begin PBXNativeTarget section */
		1116839327203D4400795CFF /* iOSAssessment-12 */ = {
			isa = PBXNativeTarget;
			buildConfigurationList = 111683A827203D4500795CFF /* Build configuration list for PBXNativeTarget "iOSAssessment-12" */;
			buildPhases = (
				1116839027203D4400795CFF /* Sources */,
				1116839127203D4400795CFF /* Frameworks */,
				1116839227203D4400795CFF /* Resources */,
			);
			buildRules = (
			);
			dependencies = (
			);
			name = "iOSAssessment-12";
			productName = "iOSAssessment-12";
			productReference = 1116839427203D4400795CFF /* iOSAssessment-12.app */;
			productType = "com.apple.product-type.application";
		};
/* End PBXNativeTarget section */

/* Begin PBXProject section */
		1116838C27203D4400795CFF /* Project object */ = {
			isa = PBXProject;
			attributes = {
				LastSwiftUpdateCheck = 1240;
				LastUpgradeCheck = 1240;
				TargetAttributes = {
					1116839327203D4400795CFF = {
						CreatedOnToolsVersion = 12.4;
					};
				};
			};
			buildConfigurationList = 1116838F27203D4400795CFF /* Build configuration list for PBXProject "iOSAssessment-12" */;
			compatibilityVersion = "Xcode 9.3";
			developmentRegion = en;
			hasScannedForEncodings = 0;
			knownRegions = (
				en,
				Base,
			);
			mainGroup = 1116838B27203D4400795CFF;
			productRefGroup = 1116839527203D4400795CFF /* Products */;
			projectDirPath = "";
			projectRoot = "";
			targets = (
				1116839327203D4400795CFF /* iOSAssessment-12 */,
			);
		};
/* End PBXProject section */

/* Begin PBXResourcesBuildPhase section */
		1116839227203D4400795CFF /* Resources */ = {
			isa = PBXResourcesBuildPhase;
			buildActionMask = 2147483647;
			files = (
				111683A427203D4500795CFF /* LaunchScreen.storyboard in Resources */,
				111683A127203D4500795CFF /* Assets.xcassets in Resources */,
				1116839F27203D4400795CFF /* Main.storyboard in Resources */,
			);
			runOnlyForDeploymentPostprocessing = 0;
		};
/* End PBXResourcesBuildPhase section */

/* Begin PBXSourcesBuildPhase section */
		1116839027203D4400795CFF /* Sources */ = {
			isa = PBXSourcesBuildPhase;
			buildActionMask = 2147483647;
			files = (
				1113D6D5272AB1C400F50308 /* CustomimageExtension.swift in Sources */,
				11E0AA2E2727E8210036F760 /* Images.swift in Sources */,
				1116839C27203D4400795CFF /* ViewController.swift in Sources */,
				11B27EDB2721372E005062F4 /* SecondVC.swift in Sources */,
				1102FFA5272442F2008014CA /* NetworkFile.swift in Sources */,
				1116839827203D4400795CFF /* AppDelegate.swift in Sources */,
				111683B4272066D300795CFF /* CustomCell.swift in Sources */,
				1116839A27203D4400795CFF /* SceneDelegate.swift in Sources */,
			);
			runOnlyForDeploymentPostprocessing = 0;
		};
/* End PBXSourcesBuildPhase section */

/* Begin PBXVariantGroup section */
		1116839D27203D4400795CFF /* Main.storyboard */ = {
			isa = PBXVariantGroup;
			children = (
				1116839E27203D4400795CFF /* Base */,
			);
			name = Main.storyboard;
			sourceTree = "<group>";
		};
		111683A227203D4500795CFF /* LaunchScreen.storyboard */ = {
			isa = PBXVariantGroup;
			children = (
				111683A327203D4500795CFF /* Base */,
			);
			name = LaunchScreen.storyboard;
			sourceTree = "<group>";
		};
/* End PBXVariantGroup section */

/* Begin XCBuildConfiguration section */
		111683A627203D4500795CFF /* Debug */ = {
			isa = XCBuildConfiguration;
			buildSettings = {
				ALWAYS_SEARCH_USER_PATHS = NO;
				CLANG_ANALYZER_NONNULL = YES;
				CLANG_ANALYZER_NUMBER_OBJECT_CONVERSION = YES_AGGRESSIVE;
				CLANG_CXX_LANGUAGE_STANDARD = "gnu++14";
				CLANG_CXX_LIBRARY = "libc++";
				CLANG_ENABLE_MODULES = YES;
				CLANG_ENABLE_OBJC_ARC = YES;
				CLANG_ENABLE_OBJC_WEAK = YES;
				CLANG_WARN_BLOCK_CAPTURE_AUTORELEASING = YES;
				CLANG_WARN_BOOL_CONVERSION = YES;
				CLANG_WARN_COMMA = YES;
				CLANG_WARN_CONSTANT_CONVERSION = YES;
				CLANG_WARN_DEPRECATED_OBJC_IMPLEMENTATIONS = YES;
				CLANG_WARN_DIRECT_OBJC_ISA_USAGE = YES_ERROR;
				CLANG_WARN_DOCUMENTATION_COMMENTS = YES;
				CLANG_WARN_EMPTY_BODY = YES;
				CLANG_WARN_ENUM_CONVERSION = YES;
				CLANG_WARN_INFINITE_RECURSION = YES;
				CLANG_WARN_INT_CONVERSION = YES;
				CLANG_WARN_NON_LITERAL_NULL_CONVERSION = YES;
				CLANG_WARN_OBJC_IMPLICIT_RETAIN_SELF = YES;
				CLANG_WARN_OBJC_LITERAL_CONVERSION = YES;
				CLANG_WARN_OBJC_ROOT_CLASS = YES_ERROR;
				CLANG_WARN_QUOTED_INCLUDE_IN_FRAMEWORK_HEADER = YES;
				CLANG_WARN_RANGE_LOOP_ANALYSIS = YES;
				CLANG_WARN_STRICT_PROTOTYPES = YES;
				CLANG_WARN_SUSPICIOUS_MOVE = YES;
				CLANG_WARN_UNGUARDED_AVAILABILITY = YES_AGGRESSIVE;
				CLANG_WARN_UNREACHABLE_CODE = YES;
				CLANG_WARN__DUPLICATE_METHOD_MATCH = YES;
				COPY_PHASE_STRIP = NO;
				DEBUG_INFORMATION_FORMAT = dwarf;
				ENABLE_STRICT_OBJC_MSGSEND = YES;
				ENABLE_TESTABILITY = YES;
				GCC_C_LANGUAGE_STANDARD = gnu11;
				GCC_DYNAMIC_NO_PIC = NO;
				GCC_NO_COMMON_BLOCKS = YES;
				GCC_OPTIMIZATION_LEVEL = 0;
				GCC_PREPROCESSOR_DEFINITIONS = (
					"DEBUG=1",
					"$(inherited)",
				);
				GCC_WARN_64_TO_32_BIT_CONVERSION = YES;
				GCC_WARN_ABOUT_RETURN_TYPE = YES_ERROR;
				GCC_WARN_UNDECLARED_SELECTOR = YES;
				GCC_WARN_UNINITIALIZED_AUTOS = YES_AGGRESSIVE;
				GCC_WARN_UNUSED_FUNCTION = YES;
				GCC_WARN_UNUSED_VARIABLE = YES;
				IPHONEOS_DEPLOYMENT_TARGET = 14.4;
				MTL_ENABLE_DEBUG_INFO = INCLUDE_SOURCE;
				MTL_FAST_MATH = YES;
				ONLY_ACTIVE_ARCH = YES;
				SDKROOT = iphoneos;
				SWIFT_ACTIVE_COMPILATION_CONDITIONS = DEBUG;
				SWIFT_OPTIMIZATION_LEVEL = "-Onone";
			};
			name = Debug;
		};
		111683A727203D4500795CFF /* Release */ = {
			isa = XCBuildConfiguration;
			buildSettings = {
				ALWAYS_SEARCH_USER_PATHS = NO;
				CLANG_ANALYZER_NONNULL = YES;
				CLANG_ANALYZER_NUMBER_OBJECT_CONVERSION = YES_AGGRESSIVE;
				CLANG_CXX_LANGUAGE_STANDARD = "gnu++14";
				CLANG_CXX_LIBRARY = "libc++";
				CLANG_ENABLE_MODULES = YES;
				CLANG_ENABLE_OBJC_ARC = YES;
				CLANG_ENABLE_OBJC_WEAK = YES;
				CLANG_WARN_BLOCK_CAPTURE_AUTORELEASING = YES;
				CLANG_WARN_BOOL_CONVERSION = YES;
				CLANG_WARN_COMMA = YES;
				CLANG_WARN_CONSTANT_CONVERSION = YES;
				CLANG_WARN_DEPRECATED_OBJC_IMPLEMENTATIONS = YES;
				CLANG_WARN_DIRECT_OBJC_ISA_USAGE = YES_ERROR;
				CLANG_WARN_DOCUMENTATION_COMMENTS = YES;
				CLANG_WARN_EMPTY_BODY = YES;
				CLANG_WARN_ENUM_CONVERSION = YES;
				CLANG_WARN_INFINITE_RECURSION = YES;
				CLANG_WARN_INT_CONVERSION = YES;
				CLANG_WARN_NON_LITERAL_NULL_CONVERSION = YES;
				CLANG_WARN_OBJC_IMPLICIT_RETAIN_SELF = YES;
				CLANG_WARN_OBJC_LITERAL_CONVERSION = YES;
				CLANG_WARN_OBJC_ROOT_CLASS = YES_ERROR;
				CLANG_WARN_QUOTED_INCLUDE_IN_FRAMEWORK_HEADER = YES;
				CLANG_WARN_RANGE_LOOP_ANALYSIS = YES;
				CLANG_WARN_STRICT_PROTOTYPES = YES;
				CLANG_WARN_SUSPICIOUS_MOVE = YES;
				CLANG_WARN_UNGUARDED_AVAILABILITY = YES_AGGRESSIVE;
				CLANG_WARN_UNREACHABLE_CODE = YES;
				CLANG_WARN__DUPLICATE_METHOD_MATCH = YES;
				COPY_PHASE_STRIP = NO;
				DEBUG_INFORMATION_FORMAT = "dwarf-with-dsym";
				ENABLE_NS_ASSERTIONS = NO;
				ENABLE_STRICT_OBJC_MSGSEND = YES;
				GCC_C_LANGUAGE_STANDARD = gnu11;
				GCC_NO_COMMON_BLOCKS = YES;
				GCC_WARN_64_TO_32_BIT_CONVERSION = YES;
				GCC_WARN_ABOUT_RETURN_TYPE = YES_ERROR;
				GCC_WARN_UNDECLARED_SELECTOR = YES;
				GCC_WARN_UNINITIALIZED_AUTOS = YES_AGGRESSIVE;
				GCC_WARN_UNUSED_FUNCTION = YES;
				GCC_WARN_UNUSED_VARIABLE = YES;
				IPHONEOS_DEPLOYMENT_TARGET = 14.4;
				MTL_ENABLE_DEBUG_INFO = NO;
				MTL_FAST_MATH = YES;
				SDKROOT = iphoneos;
				SWIFT_COMPILATION_MODE = wholemodule;
				SWIFT_OPTIMIZATION_LEVEL = "-O";
				VALIDATE_PRODUCT = YES;
			};
			name = Release;
		};
		111683A927203D4500795CFF /* Debug */ = {
			isa = XCBuildConfiguration;
			buildSettings = {
				ASSETCATALOG_COMPILER_APPICON_NAME = AppIcon;
				ASSETCATALOG_COMPILER_GLOBAL_ACCENT_COLOR_NAME = AccentColor;
				CODE_SIGN_STYLE = Automatic;
				INFOPLIST_FILE = "iOSAssessment-12/Info.plist";
				LD_RUNPATH_SEARCH_PATHS = (
					"$(inherited)",
					"@executable_path/Frameworks",
				);
				PRODUCT_BUNDLE_IDENTIFIER = "com.assignment.iOSAssessment-12";
				PRODUCT_NAME = "$(TARGET_NAME)";
				SWIFT_VERSION = 5.0;
				TARGETED_DEVICE_FAMILY = "1,2";
			};
			name = Debug;
		};
		111683AA27203D4500795CFF /* Release */ = {
			isa = XCBuildConfiguration;
			buildSettings = {
				ASSETCATALOG_COMPILER_APPICON_NAME = AppIcon;
				ASSETCATALOG_COMPILER_GLOBAL_ACCENT_COLOR_NAME = AccentColor;
				CODE_SIGN_STYLE = Automatic;
				INFOPLIST_FILE = "iOSAssessment-12/Info.plist";
				LD_RUNPATH_SEARCH_PATHS = (
					"$(inherited)",
					"@executable_path/Frameworks",
				);
				PRODUCT_BUNDLE_IDENTIFIER = "com.assignment.iOSAssessment-12";
				PRODUCT_NAME = "$(TARGET_NAME)";
				SWIFT_VERSION = 5.0;
				TARGETED_DEVICE_FAMILY = "1,2";
			};
			name = Release;
		};
/* End XCBuildConfiguration section */

/* Begin XCConfigurationList section */
		1116838F27203D4400795CFF /* Build configuration list for PBXProject "iOSAssessment-12" */ = {
			isa = XCConfigurationList;
			buildConfigurations = (
				111683A627203D4500795CFF /* Debug */,
				111683A727203D4500795CFF /* Release */,
			);
			defaultConfigurationIsVisible = 0;
			defaultConfigurationName = Release;
		};
		111683A827203D4500795CFF /* Build configuration list for PBXNativeTarget "iOSAssessment-12" */ = {
			isa = XCConfigurationList;
			buildConfigurations = (
				111683A927203D4500795CFF /* Debug */,
				111683AA27203D4500795CFF /* Release */,
			);
			defaultConfigurationIsVisible = 0;
			defaultConfigurationName = Release;
		};
/* End XCConfigurationList section */
	};
	rootObject = 1116838C27203D4400795CFF /* Project object */;
}
