// !$*UTF8*$!
{
	archiveVersion = 1;
	classes = {
	};
	objectVersion = 50;
	objects = {

/* Begin PBXBuildFile section */
		11364BF8273EA76B00D7A067 /* AppDelegate.swift in Sources */ = {isa = PBXBuildFile; fileRef = 11364BF7273EA76B00D7A067 /* AppDelegate.swift */; };
		11364BFA273EA76B00D7A067 /* SceneDelegate.swift in Sources */ = {isa = PBXBuildFile; fileRef = 11364BF9273EA76B00D7A067 /* SceneDelegate.swift */; };
		11364BFC273EA76B00D7A067 /* ViewController.swift in Sources */ = {isa = PBXBuildFile; fileRef = 11364BFB273EA76B00D7A067 /* ViewController.swift */; };
		11364BFF273EA76B00D7A067 /* Main.storyboard in Resources */ = {isa = PBXBuildFile; fileRef = 11364BFD273EA76B00D7A067 /* Main.storyboard */; };
		11364C02273EA76B00D7A067 /* DataPersistenceDemo.xcdatamodeld in Sources */ = {isa = PBXBuildFile; fileRef = 11364C00273EA76B00D7A067 /* DataPersistenceDemo.xcdatamodeld */; };
		11364C04273EA76C00D7A067 /* Assets.xcassets in Resources */ = {isa = PBXBuildFile; fileRef = 11364C03273EA76C00D7A067 /* Assets.xcassets */; };
		11364C07273EA76C00D7A067 /* LaunchScreen.storyboard in Resources */ = {isa = PBXBuildFile; fileRef = 11364C05273EA76C00D7A067 /* LaunchScreen.storyboard */; };
/* End PBXBuildFile section */

/* Begin PBXFileReference section */
		11364BF4273EA76B00D7A067 /* DataPersistenceDemo.app */ = {isa = PBXFileReference; explicitFileType = wrapper.application; includeInIndex = 0; path = DataPersistenceDemo.app; sourceTree = BUILT_PRODUCTS_DIR; };
		11364BF7273EA76B00D7A067 /* AppDelegate.swift */ = {isa = PBXFileReference; lastKnownFileType = sourcecode.swift; path = AppDelegate.swift; sourceTree = "<group>"; };
		11364BF9273EA76B00D7A067 /* SceneDelegate.swift */ = {isa = PBXFileReference; lastKnownFileType = sourcecode.swift; path = SceneDelegate.swift; sourceTree = "<group>"; };
		11364BFB273EA76B00D7A067 /* ViewController.swift */ = {isa = PBXFileReference; lastKnownFileType = sourcecode.swift; path = ViewController.swift; sourceTree = "<group>"; };
		11364BFE273EA76B00D7A067 /* Base */ = {isa = PBXFileReference; lastKnownFileType = file.storyboard; name = Base; path = Base.lproj/Main.storyboard; sourceTree = "<group>"; };
		11364C01273EA76B00D7A067 /* DataPersistenceDemo.xcdatamodel */ = {isa = PBXFileReference; lastKnownFileType = wrapper.xcdatamodel; path = DataPersistenceDemo.xcdatamodel; sourceTree = "<group>"; };
		11364C03273EA76C00D7A067 /* Assets.xcassets */ = {isa = PBXFileReference; lastKnownFileType = folder.assetcatalog; path = Assets.xcassets; sourceTree = "<group>"; };
		11364C06273EA76C00D7A067 /* Base */ = {isa = PBXFileReference; lastKnownFileType = file.storyboard; name = Base; path = Base.lproj/LaunchScreen.storyboard; sourceTree = "<group>"; };
		11364C08273EA76C00D7A067 /* Info.plist */ = {isa = PBXFileReference; lastKnownFileType = text.plist.xml; path = Info.plist; sourceTree = "<group>"; };
/* End PBXFileReference section */

/* Begin PBXFrameworksBuildPhase section */
		11364BF1273EA76B00D7A067 /* Frameworks */ = {
			isa = PBXFrameworksBuildPhase;
			buildActionMask = 2147483647;
			files = (
			);
			runOnlyForDeploymentPostprocessing = 0;
		};
/* End PBXFrameworksBuildPhase section */

/* Begin PBXGroup section */
		11364BEB273EA76B00D7A067 = {
			isa = PBXGroup;
			children = (
				11364BF6273EA76B00D7A067 /* DataPersistenceDemo */,
				11364BF5273EA76B00D7A067 /* Products */,
			);
			sourceTree = "<group>";
		};
		11364BF5273EA76B00D7A067 /* Products */ = {
			isa = PBXGroup;
			children = (
				11364BF4273EA76B00D7A067 /* DataPersistenceDemo.app */,
			);
			name = Products;
			sourceTree = "<group>";
		};
		11364BF6273EA76B00D7A067 /* DataPersistenceDemo */ = {
			isa = PBXGroup;
			children = (
				11364BF7273EA76B00D7A067 /* AppDelegate.swift */,
				11364BF9273EA76B00D7A067 /* SceneDelegate.swift */,
				11364BFB273EA76B00D7A067 /* ViewController.swift */,
				11364BFD273EA76B00D7A067 /* Main.storyboard */,
				11364C03273EA76C00D7A067 /* Assets.xcassets */,
				11364C05273EA76C00D7A067 /* LaunchScreen.storyboard */,
				11364C08273EA76C00D7A067 /* Info.plist */,
				11364C00273EA76B00D7A067 /* DataPersistenceDemo.xcdatamodeld */,
			);
			path = DataPersistenceDemo;
			sourceTree = "<group>";
		};
/* End PBXGroup section */

/* Begin PBXNativeTarget section */
		11364BF3273EA76B00D7A067 /* DataPersistenceDemo */ = {
			isa = PBXNativeTarget;
			buildConfigurationList = 11364C0B273EA76C00D7A067 /* Build configuration list for PBXNativeTarget "DataPersistenceDemo" */;
			buildPhases = (
				11364BF0273EA76B00D7A067 /* Sources */,
				11364BF1273EA76B00D7A067 /* Frameworks */,
				11364BF2273EA76B00D7A067 /* Resources */,
			);
			buildRules = (
			);
			dependencies = (
			);
			name = DataPersistenceDemo;
			productName = DataPersistenceDemo;
			productReference = 11364BF4273EA76B00D7A067 /* DataPersistenceDemo.app */;
			productType = "com.apple.product-type.application";
		};
/* End PBXNativeTarget section */

/* Begin PBXProject section */
		11364BEC273EA76B00D7A067 /* Project object */ = {
			isa = PBXProject;
			attributes = {
				LastSwiftUpdateCheck = 1240;
				LastUpgradeCheck = 1240;
				TargetAttributes = {
					11364BF3273EA76B00D7A067 = {
						CreatedOnToolsVersion = 12.4;
					};
				};
			};
			buildConfigurationList = 11364BEF273EA76B00D7A067 /* Build configuration list for PBXProject "DataPersistenceDemo" */;
			compatibilityVersion = "Xcode 9.3";
			developmentRegion = en;
			hasScannedForEncodings = 0;
			knownRegions = (
				en,
				Base,
			);
			mainGroup = 11364BEB273EA76B00D7A067;
			productRefGroup = 11364BF5273EA76B00D7A067 /* Products */;
			projectDirPath = "";
			projectRoot = "";
			targets = (
				11364BF3273EA76B00D7A067 /* DataPersistenceDemo */,
			);
		};
/* End PBXProject section */

/* Begin PBXResourcesBuildPhase section */
		11364BF2273EA76B00D7A067 /* Resources */ = {
			isa = PBXResourcesBuildPhase;
			buildActionMask = 2147483647;
			files = (
				11364C07273EA76C00D7A067 /* LaunchScreen.storyboard in Resources */,
				11364C04273EA76C00D7A067 /* Assets.xcassets in Resources */,
				11364BFF273EA76B00D7A067 /* Main.storyboard in Resources */,
			);
			runOnlyForDeploymentPostprocessing = 0;
		};
/* End PBXResourcesBuildPhase section */

/* Begin PBXSourcesBuildPhase section */
		11364BF0273EA76B00D7A067 /* Sources */ = {
			isa = PBXSourcesBuildPhase;
			buildActionMask = 2147483647;
			files = (
				11364C02273EA76B00D7A067 /* DataPersistenceDemo.xcdatamodeld in Sources */,
				11364BFC273EA76B00D7A067 /* ViewController.swift in Sources */,
				11364BF8273EA76B00D7A067 /* AppDelegate.swift in Sources */,
				11364BFA273EA76B00D7A067 /* SceneDelegate.swift in Sources */,
			);
			runOnlyForDeploymentPostprocessing = 0;
		};
/* End PBXSourcesBuildPhase section */

/* Begin PBXVariantGroup section */
		11364BFD273EA76B00D7A067 /* Main.storyboard */ = {
			isa = PBXVariantGroup;
			children = (
				11364BFE273EA76B00D7A067 /* Base */,
			);
			name = Main.storyboard;
			sourceTree = "<group>";
		};
		11364C05273EA76C00D7A067 /* LaunchScreen.storyboard */ = {
			isa = PBXVariantGroup;
			children = (
				11364C06273EA76C00D7A067 /* Base */,
			);
			name = LaunchScreen.storyboard;
			sourceTree = "<group>";
		};
/* End PBXVariantGroup section */

/* Begin XCBuildConfiguration section */
		11364C09273EA76C00D7A067 /* Debug */ = {
			isa = XCBuildConfiguration;
			buildSettings = {
				ALWAYS_SEARCH_USER_PATHS = NO;
				CLANG_ANALYZER_NONNULL = YES;
				CLANG_ANALYZER_NUMBER_OBJECT_CONVERSION = YES_AGGRESSIVE;
				CLANG_CXX_LANGUAGE_STANDARD = "gnu++14";
				CLANG_CXX_LIBRARY = "libc++";
				CLANG_ENABLE_MODULES = YES;
				CLANG_ENABLE_OBJC_ARC = YES;
				CLANG_ENABLE_OBJC_WEAK = YES;
				CLANG_WARN_BLOCK_CAPTURE_AUTORELEASING = YES;
				CLANG_WARN_BOOL_CONVERSION = YES;
				CLANG_WARN_COMMA = YES;
				CLANG_WARN_CONSTANT_CONVERSION = YES;
				CLANG_WARN_DEPRECATED_OBJC_IMPLEMENTATIONS = YES;
				CLANG_WARN_DIRECT_OBJC_ISA_USAGE = YES_ERROR;
				CLANG_WARN_DOCUMENTATION_COMMENTS = YES;
				CLANG_WARN_EMPTY_BODY = YES;
				CLANG_WARN_ENUM_CONVERSION = YES;
				CLANG_WARN_INFINITE_RECURSION = YES;
				CLANG_WARN_INT_CONVERSION = YES;
				CLANG_WARN_NON_LITERAL_NULL_CONVERSION = YES;
				CLANG_WARN_OBJC_IMPLICIT_RETAIN_SELF = YES;
				CLANG_WARN_OBJC_LITERAL_CONVERSION = YES;
				CLANG_WARN_OBJC_ROOT_CLASS = YES_ERROR;
				CLANG_WARN_QUOTED_INCLUDE_IN_FRAMEWORK_HEADER = YES;
				CLANG_WARN_RANGE_LOOP_ANALYSIS = YES;
				CLANG_WARN_STRICT_PROTOTYPES = YES;
				CLANG_WARN_SUSPICIOUS_MOVE = YES;
				CLANG_WARN_UNGUARDED_AVAILABILITY = YES_AGGRESSIVE;
				CLANG_WARN_UNREACHABLE_CODE = YES;
				CLANG_WARN__DUPLICATE_METHOD_MATCH = YES;
				COPY_PHASE_STRIP = NO;
				DEBUG_INFORMATION_FORMAT = dwarf;
				ENABLE_STRICT_OBJC_MSGSEND = YES;
				ENABLE_TESTABILITY = YES;
				GCC_C_LANGUAGE_STANDARD = gnu11;
				GCC_DYNAMIC_NO_PIC = NO;
				GCC_NO_COMMON_BLOCKS = YES;
				GCC_OPTIMIZATION_LEVEL = 0;
				GCC_PREPROCESSOR_DEFINITIONS = (
					"DEBUG=1",
					"$(inherited)",
				);
				GCC_WARN_64_TO_32_BIT_CONVERSION = YES;
				GCC_WARN_ABOUT_RETURN_TYPE = YES_ERROR;
				GCC_WARN_UNDECLARED_SELECTOR = YES;
				GCC_WARN_UNINITIALIZED_AUTOS = YES_AGGRESSIVE;
				GCC_WARN_UNUSED_FUNCTION = YES;
				GCC_WARN_UNUSED_VARIABLE = YES;
				IPHONEOS_DEPLOYMENT_TARGET = 14.4;
				MTL_ENABLE_DEBUG_INFO = INCLUDE_SOURCE;
				MTL_FAST_MATH = YES;
				ONLY_ACTIVE_ARCH = YES;
				SDKROOT = iphoneos;
				SWIFT_ACTIVE_COMPILATION_CONDITIONS = DEBUG;
				SWIFT_OPTIMIZATION_LEVEL = "-Onone";
			};
			name = Debug;
		};
		11364C0A273EA76C00D7A067 /* Release */ = {
			isa = XCBuildConfiguration;
			buildSettings = {
				ALWAYS_SEARCH_USER_PATHS = NO;
				CLANG_ANALYZER_NONNULL = YES;
				CLANG_ANALYZER_NUMBER_OBJECT_CONVERSION = YES_AGGRESSIVE;
				CLANG_CXX_LANGUAGE_STANDARD = "gnu++14";
				CLANG_CXX_LIBRARY = "libc++";
				CLANG_ENABLE_MODULES = YES;
				CLANG_ENABLE_OBJC_ARC = YES;
				CLANG_ENABLE_OBJC_WEAK = YES;
				CLANG_WARN_BLOCK_CAPTURE_AUTORELEASING = YES;
				CLANG_WARN_BOOL_CONVERSION = YES;
				CLANG_WARN_COMMA = YES;
				CLANG_WARN_CONSTANT_CONVERSION = YES;
				CLANG_WARN_DEPRECATED_OBJC_IMPLEMENTATIONS = YES;
				CLANG_WARN_DIRECT_OBJC_ISA_USAGE = YES_ERROR;
				CLANG_WARN_DOCUMENTATION_COMMENTS = YES;
				CLANG_WARN_EMPTY_BODY = YES;
				CLANG_WARN_ENUM_CONVERSION = YES;
				CLANG_WARN_INFINITE_RECURSION = YES;
				CLANG_WARN_INT_CONVERSION = YES;
				CLANG_WARN_NON_LITERAL_NULL_CONVERSION = YES;
				CLANG_WARN_OBJC_IMPLICIT_RETAIN_SELF = YES;
				CLANG_WARN_OBJC_LITERAL_CONVERSION = YES;
				CLANG_WARN_OBJC_ROOT_CLASS = YES_ERROR;
				CLANG_WARN_QUOTED_INCLUDE_IN_FRAMEWORK_HEADER = YES;
				CLANG_WARN_RANGE_LOOP_ANALYSIS = YES;
				CLANG_WARN_STRICT_PROTOTYPES = YES;
				CLANG_WARN_SUSPICIOUS_MOVE = YES;
				CLANG_WARN_UNGUARDED_AVAILABILITY = YES_AGGRESSIVE;
				CLANG_WARN_UNREACHABLE_CODE = YES;
				CLANG_WARN__DUPLICATE_METHOD_MATCH = YES;
				COPY_PHASE_STRIP = NO;
				DEBUG_INFORMATION_FORMAT = "dwarf-with-dsym";
				ENABLE_NS_ASSERTIONS = NO;
				ENABLE_STRICT_OBJC_MSGSEND = YES;
				GCC_C_LANGUAGE_STANDARD = gnu11;
				GCC_NO_COMMON_BLOCKS = YES;
				GCC_WARN_64_TO_32_BIT_CONVERSION = YES;
				GCC_WARN_ABOUT_RETURN_TYPE = YES_ERROR;
				GCC_WARN_UNDECLARED_SELECTOR = YES;
				GCC_WARN_UNINITIALIZED_AUTOS = YES_AGGRESSIVE;
				GCC_WARN_UNUSED_FUNCTION = YES;
				GCC_WARN_UNUSED_VARIABLE = YES;
				IPHONEOS_DEPLOYMENT_TARGET = 14.4;
				MTL_ENABLE_DEBUG_INFO = NO;
				MTL_FAST_MATH = YES;
				SDKROOT = iphoneos;
				SWIFT_COMPILATION_MODE = wholemodule;
				SWIFT_OPTIMIZATION_LEVEL = "-O";
				VALIDATE_PRODUCT = YES;
			};
			name = Release;
		};
		11364C0C273EA76C00D7A067 /* Debug */ = {
			isa = XCBuildConfiguration;
			buildSettings = {
				ASSETCATALOG_COMPILER_APPICON_NAME = AppIcon;
				ASSETCATALOG_COMPILER_GLOBAL_ACCENT_COLOR_NAME = AccentColor;
				CODE_SIGN_STYLE = Automatic;
				INFOPLIST_FILE = DataPersistenceDemo/Info.plist;
				LD_RUNPATH_SEARCH_PATHS = (
					"$(inherited)",
					"@executable_path/Frameworks",
				);
				PRODUCT_BUNDLE_IDENTIFIER = com.assignment.DataPersistenceDemo;
				PRODUCT_NAME = "$(TARGET_NAME)";
				SWIFT_VERSION = 5.0;
				TARGETED_DEVICE_FAMILY = "1,2";
			};
			name = Debug;
		};
		11364C0D273EA76C00D7A067 /* Release */ = {
			isa = XCBuildConfiguration;
			buildSettings = {
				ASSETCATALOG_COMPILER_APPICON_NAME = AppIcon;
				ASSETCATALOG_COMPILER_GLOBAL_ACCENT_COLOR_NAME = AccentColor;
				CODE_SIGN_STYLE = Automatic;
				INFOPLIST_FILE = DataPersistenceDemo/Info.plist;
				LD_RUNPATH_SEARCH_PATHS = (
					"$(inherited)",
					"@executable_path/Frameworks",
				);
				PRODUCT_BUNDLE_IDENTIFIER = com.assignment.DataPersistenceDemo;
				PRODUCT_NAME = "$(TARGET_NAME)";
				SWIFT_VERSION = 5.0;
				TARGETED_DEVICE_FAMILY = "1,2";
			};
			name = Release;
		};
/* End XCBuildConfiguration section */

/* Begin XCConfigurationList section */
		11364BEF273EA76B00D7A067 /* Build configuration list for PBXProject "DataPersistenceDemo" */ = {
			isa = XCConfigurationList;
			buildConfigurations = (
				11364C09273EA76C00D7A067 /* Debug */,
				11364C0A273EA76C00D7A067 /* Release */,
			);
			defaultConfigurationIsVisible = 0;
			defaultConfigurationName = Release;
		};
		11364C0B273EA76C00D7A067 /* Build configuration list for PBXNativeTarget "DataPersistenceDemo" */ = {
			isa = XCConfigurationList;
			buildConfigurations = (
				11364C0C273EA76C00D7A067 /* Debug */,
				11364C0D273EA76C00D7A067 /* Release */,
			);
			defaultConfigurationIsVisible = 0;
			defaultConfigurationName = Release;
		};
/* End XCConfigurationList section */

/* Begin XCVersionGroup section */
		11364C00273EA76B00D7A067 /* DataPersistenceDemo.xcdatamodeld */ = {
			isa = XCVersionGroup;
			children = (
				11364C01273EA76B00D7A067 /* DataPersistenceDemo.xcdatamodel */,
			);
			currentVersion = 11364C01273EA76B00D7A067 /* DataPersistenceDemo.xcdatamodel */;
			path = DataPersistenceDemo.xcdatamodeld;
			sourceTree = "<group>";
			versionGroupType = wrapper.xcdatamodel;
		};
/* End XCVersionGroup section */
	};
	rootObject = 11364BEC273EA76B00D7A067 /* Project object */;
}
